
Microsoft Visual Studio Solution File, Format Version 12.00
# Visual Studio Version 17
VisualStudioVersion = 17.14.36121.58
MinimumVisualStudioVersion = 10.0.40219.1
Project("{8BC9CEB8-8B4A-11D0-8D11-00A0C91BC942}") = "Treul", "Treul\Treul.vcxproj", "{9AC381CE-FA8E-42A6-9FEC-A9E397A7817A}"
EndProject
Global
	GlobalSection(SolutionConfigurationPlatforms) = preSolution
		Debug|x64 = Debug|x64
		Debug|x86 = Debug|x86
		Release|x64 = Release|x64
		Release|x86 = Release|x86
	EndGlobalSection
	GlobalSection(ProjectConfigurationPlatforms) = postSolution
		{9AC381CE-FA8E-42A6-9FEC-A9E397A7817A}.Debug|x64.ActiveCfg = Debug|x64
		{9AC381CE-FA8E-42A6-9FEC-A9E397A7817A}.Debug|x64.Build.0 = Debug|x64
		{9AC381CE-FA8E-42A6-9FEC-A9E397A7817A}.Debug|x86.ActiveCfg = Debug|Win32
		{9AC381CE-FA8E-42A6-9FEC-A9E397A7817A}.Debug|x86.Build.0 = Debug|Win32
		{9AC381CE-FA8E-42A6-9FEC-A9E397A7817A}.Release|x64.ActiveCfg = Release|x64
		{9AC381CE-FA8E-42A6-9FEC-A9E397A7817A}.Release|x64.Build.0 = Release|x64
		{9AC381CE-FA8E-42A6-9FEC-A9E397A7817A}.Release|x86.ActiveCfg = Release|Win32
		{9AC381CE-FA8E-42A6-9FEC-A9E397A7817A}.Release|x86.Build.0 = Release|Win32
	EndGlobalSection
	GlobalSection(SolutionProperties) = preSolution
		HideSolutionNode = FALSE
	EndGlobalSection
	GlobalSection(ExtensibilityGlobals) = postSolution
		SolutionGuid = {9746137F-7138-40C4-84F8-85090BD9A2BB}
	EndGlobalSection
EndGlobal
